
Microsoft Visual Studio Solution File, Format Version 12.00
# Visual Studio Version 17
VisualStudioVersion = 17.2.32630.192
MinimumVisualStudioVersion = 10.0.40219.1
Project("{FAE04EC0-301F-11D3-BF4B-00C04F79EFBC}") = "UpdateDatabase", "UpdateDatabase\UpdateDatabase.csproj", "{5B865356-2B9B-466F-ACB2-83DA1133E8EC}"
EndProject
Global
	GlobalSection(SolutionConfigurationPlatforms) = preSolution
		Debug|Any CPU = Debug|Any CPU
		Release|Any CPU = Release|Any CPU
	EndGlobalSection
	GlobalSection(ProjectConfigurationPlatforms) = postSolution
		{5B865356-2B9B-466F-ACB2-83DA1133E8EC}.Debug|Any CPU.ActiveCfg = Debug|Any CPU
		{5B865356-2B9B-466F-ACB2-83DA1133E8EC}.Debug|Any CPU.Build.0 = Debug|Any CPU
		{5B865356-2B9B-466F-ACB2-83DA1133E8EC}.Release|Any CPU.ActiveCfg = Release|Any CPU
		{5B865356-2B9B-466F-ACB2-83DA1133E8EC}.Release|Any CPU.Build.0 = Release|Any CPU
	EndGlobalSection
	GlobalSection(SolutionProperties) = preSolution
		HideSolutionNode = FALSE
	EndGlobalSection
	GlobalSection(ExtensibilityGlobals) = postSolution
		SolutionGuid = {8BAED7A0-A743-40FB-A4C0-5764CDC5BB2B}
	EndGlobalSection
EndGlobal
